
Microsoft Visual Studio Solution File, Format Version 12.00
# Visual Studio Version 17
VisualStudioVersion = 17.6.33723.286
MinimumVisualStudioVersion = 10.0.40219.1
Project("{FAE04EC0-301F-11D3-BF4B-00C04F79EFBC}") = "MVCExamProject", "MVCExamProject\MVCExamProject.csproj", "{433D8DB4-DDD6-4533-8E86-6D514703E21A}"
EndProject
Global
	GlobalSection(SolutionConfigurationPlatforms) = preSolution
		Debug|Any CPU = Debug|Any CPU
		Release|Any CPU = Release|Any CPU
	EndGlobalSection
	GlobalSection(ProjectConfigurationPlatforms) = postSolution
		{433D8DB4-DDD6-4533-8E86-6D514703E21A}.Debug|Any CPU.ActiveCfg = Debug|Any CPU
		{433D8DB4-DDD6-4533-8E86-6D514703E21A}.Debug|Any CPU.Build.0 = Debug|Any CPU
		{433D8DB4-DDD6-4533-8E86-6D514703E21A}.Release|Any CPU.ActiveCfg = Release|Any CPU
		{433D8DB4-DDD6-4533-8E86-6D514703E21A}.Release|Any CPU.Build.0 = Release|Any CPU
	EndGlobalSection
	GlobalSection(SolutionProperties) = preSolution
		HideSolutionNode = FALSE
	EndGlobalSection
	GlobalSection(ExtensibilityGlobals) = postSolution
		SolutionGuid = {985F703C-1FA9-40E6-A37A-13E59F169627}
	EndGlobalSection
EndGlobal
